// !$*UTF8*$!
{
	archiveVersion = 1;
	classes = {
	};
	objectVersion = 48;
	objects = {

/* Begin PBXBuildFile section */
		4EFEE48C138D123A3E210696 /* Pods_SmartSprayUITests.framework in Frameworks */ = {isa = PBXBuildFile; fileRef = 353CEF4A801FD2665F14D238 /* Pods_SmartSprayUITests.framework */; };
		59693E7DFD22D8F123EAA2B3 /* Pods_SmartSpray.framework in Frameworks */ = {isa = PBXBuildFile; fileRef = 46906328C7D1A082AEF8C91F /* Pods_SmartSpray.framework */; };
		8497A3EB18987C22EC56CDC7 /* Pods_SmartSprayTests.framework in Frameworks */ = {isa = PBXBuildFile; fileRef = A03F89954BB909D1D0A29462 /* Pods_SmartSprayTests.framework */; };
		9F13D228213E5A7000F44527 /* AppDelegate.swift in Sources */ = {isa = PBXBuildFile; fileRef = 9F13D227213E5A7000F44527 /* AppDelegate.swift */; };
		9F13D22A213E5A7000F44527 /* CaptureViewController.swift in Sources */ = {isa = PBXBuildFile; fileRef = 9F13D229213E5A7000F44527 /* CaptureViewController.swift */; };
		9F13D22D213E5A7000F44527 /* Main.storyboard in Resources */ = {isa = PBXBuildFile; fileRef = 9F13D22B213E5A7000F44527 /* Main.storyboard */; };
		9F13D230213E5A7000F44527 /* ImageColorQuantization.xcdatamodeld in Sources */ = {isa = PBXBuildFile; fileRef = 9F13D22E213E5A7000F44527 /* ImageColorQuantization.xcdatamodeld */; };
		9F13D232213E5A7000F44527 /* Assets.xcassets in Resources */ = {isa = PBXBuildFile; fileRef = 9F13D231213E5A7000F44527 /* Assets.xcassets */; };
		9F13D235213E5A7000F44527 /* LaunchScreen.storyboard in Resources */ = {isa = PBXBuildFile; fileRef = 9F13D233213E5A7000F44527 /* LaunchScreen.storyboard */; };
		9F13D240213E5A7000F44527 /* SmartSprayTests.swift in Sources */ = {isa = PBXBuildFile; fileRef = 9F13D23F213E5A7000F44527 /* SmartSprayTests.swift */; };
		9F13D24B213E5A7000F44527 /* SmartSprayUITests.swift in Sources */ = {isa = PBXBuildFile; fileRef = 9F13D24A213E5A7000F44527 /* SmartSprayUITests.swift */; };
		9F13D2FB214069FF00F44527 /* DominantImageColors.swift in Sources */ = {isa = PBXBuildFile; fileRef = 9F13D2FA214069FF00F44527 /* DominantImageColors.swift */; };
		9F13D2FD21409B1100F44527 /* ImageColorQuantization.swift in Sources */ = {isa = PBXBuildFile; fileRef = 9F13D2FC21409B1100F44527 /* ImageColorQuantization.swift */; };
		9F5A06D82145101600ED418D /* CropView.swift in Sources */ = {isa = PBXBuildFile; fileRef = 9F5A06D72145101600ED418D /* CropView.swift */; };
		9F5A06DC2145240500ED418D /* AnalyzeView.swift in Sources */ = {isa = PBXBuildFile; fileRef = 9F5A06DB2145240500ED418D /* AnalyzeView.swift */; };
		9F5A06DE21452CD700ED418D /* QuantizedImage.swift in Sources */ = {isa = PBXBuildFile; fileRef = 9F5A06DD21452CD700ED418D /* QuantizedImage.swift */; };
		9F5A06E021452CFF00ED418D /* RGBA32.swift in Sources */ = {isa = PBXBuildFile; fileRef = 9F5A06DF21452CFF00ED418D /* RGBA32.swift */; };
		9F5A06E22145BEF800ED418D /* SaveFormViewController.swift in Sources */ = {isa = PBXBuildFile; fileRef = 9F5A06E12145BEF800ED418D /* SaveFormViewController.swift */; };
		9FBF07782144EFDC004AC908 /* AnalyzeViewController.swift in Sources */ = {isa = PBXBuildFile; fileRef = 9FBF07772144EFDC004AC908 /* AnalyzeViewController.swift */; };
		9FBF07922144F5F3004AC908 /* CaptureView.swift in Sources */ = {isa = PBXBuildFile; fileRef = 9FBF07912144F5F3004AC908 /* CaptureView.swift */; };
		9FBF0794214500C6004AC908 /* CropViewController.swift in Sources */ = {isa = PBXBuildFile; fileRef = 9FBF0793214500C6004AC908 /* CropViewController.swift */; };
		9FD29554214C4E480044765B /* MainContainerViewController.swift in Sources */ = {isa = PBXBuildFile; fileRef = 9FD29553214C4E480044765B /* MainContainerViewController.swift */; };
		9FD29556214CB6E30044765B /* CropActions.swift in Sources */ = {isa = PBXBuildFile; fileRef = 9FD29555214CB6E30044765B /* CropActions.swift */; };
		9FD29558214D8ECF0044765B /* UITabBarController.swift in Sources */ = {isa = PBXBuildFile; fileRef = 9FD29557214D8ECF0044765B /* UITabBarController.swift */; };
		9FD2955A214D9DCC0044765B /* AnalyzeActions.swift in Sources */ = {isa = PBXBuildFile; fileRef = 9FD29559214D9DCC0044765B /* AnalyzeActions.swift */; };
		9FD29561214E2C8B0044765B /* PredictCoverageForm.swift in Sources */ = {isa = PBXBuildFile; fileRef = 9FD29560214E2C8B0044765B /* PredictCoverageForm.swift */; };
		9FD29564214F003E0044765B /* ImageScannerViewController.swift in Sources */ = {isa = PBXBuildFile; fileRef = 9FD29563214F003E0044765B /* ImageScannerViewController.swift */; };
		9FD295C6214F0F050044765B /* EditScanCornerView.swift in Sources */ = {isa = PBXBuildFile; fileRef = 9FD295A5214F0F050044765B /* EditScanCornerView.swift */; };
		9FD295C7214F0F050044765B /* Error.swift in Sources */ = {isa = PBXBuildFile; fileRef = 9FD295A6214F0F050044765B /* Error.swift */; };
		9FD295C8214F0F050044765B /* Quadrilateral.swift in Sources */ = {isa = PBXBuildFile; fileRef = 9FD295A7214F0F050044765B /* Quadrilateral.swift */; };
		9FD295C9214F0F050044765B /* QuadrilateralView.swift in Sources */ = {isa = PBXBuildFile; fileRef = 9FD295A8214F0F050044765B /* QuadrilateralView.swift */; };
		9FD295CA214F0F050044765B /* RectangleDetector.swift in Sources */ = {isa = PBXBuildFile; fileRef = 9FD295A9214F0F050044765B /* RectangleDetector.swift */; };
		9FD295CB214F0F050044765B /* EditScanViewController.swift in Sources */ = {isa = PBXBuildFile; fileRef = 9FD295AB214F0F050044765B /* EditScanViewController.swift */; };
		9FD295CC214F0F050044765B /* ZoomGestureController.swift in Sources */ = {isa = PBXBuildFile; fileRef = 9FD295AC214F0F050044765B /* ZoomGestureController.swift */; };
		9FD295CD214F0F050044765B /* Localizable.strings in Resources */ = {isa = PBXBuildFile; fileRef = 9FD295AD214F0F050044765B /* Localizable.strings */; };
		9FD295CE214F0F050044765B /* Array+Utils.swift in Sources */ = {isa = PBXBuildFile; fileRef = 9FD295B0214F0F050044765B /* Array+Utils.swift */; };
		9FD295CF214F0F050044765B /* AVCaptureVideoOrientation+Utils.swift in Sources */ = {isa = PBXBuildFile; fileRef = 9FD295B1214F0F050044765B /* AVCaptureVideoOrientation+Utils.swift */; };
		9FD295D0214F0F050044765B /* CGAffineTransform+Utils.swift in Sources */ = {isa = PBXBuildFile; fileRef = 9FD295B2214F0F050044765B /* CGAffineTransform+Utils.swift */; };
		9FD295D1214F0F050044765B /* CGPoint+Utils.swift in Sources */ = {isa = PBXBuildFile; fileRef = 9FD295B3214F0F050044765B /* CGPoint+Utils.swift */; };
		9FD295D2214F0F050044765B /* CGRect+Utils.swift in Sources */ = {isa = PBXBuildFile; fileRef = 9FD295B4214F0F050044765B /* CGRect+Utils.swift */; };
		9FD295D3214F0F050044765B /* CIRectangleFeature+Utils.swift in Sources */ = {isa = PBXBuildFile; fileRef = 9FD295B5214F0F050044765B /* CIRectangleFeature+Utils.swift */; };
		9FD295D4214F0F050044765B /* UIImage+Orientation.swift in Sources */ = {isa = PBXBuildFile; fileRef = 9FD295B6214F0F050044765B /* UIImage+Orientation.swift */; };
		9FD295D5214F0F050044765B /* UIImage+Utils.swift in Sources */ = {isa = PBXBuildFile; fileRef = 9FD295B7214F0F050044765B /* UIImage+Utils.swift */; };
		9FD295D6214F0F050044765B /* ImageScannerController.swift in Sources */ = {isa = PBXBuildFile; fileRef = 9FD295B8214F0F050044765B /* ImageScannerController.swift */; };
		9FD295D7214F0F050044765B /* Info.plist in Resources */ = {isa = PBXBuildFile; fileRef = 9FD295B9214F0F050044765B /* Info.plist */; };
		9FD295D8214F0F050044765B /* Localizable.strings in Resources */ = {isa = PBXBuildFile; fileRef = 9FD295BA214F0F050044765B /* Localizable.strings */; };
		9FD295D9214F0F050044765B /* Transformable.swift in Sources */ = {isa = PBXBuildFile; fileRef = 9FD295BC214F0F050044765B /* Transformable.swift */; };
		9FD295DA214F0F050044765B /* ReviewViewController.swift in Sources */ = {isa = PBXBuildFile; fileRef = 9FD295BE214F0F050044765B /* ReviewViewController.swift */; };
		9FD295DB214F0F050044765B /* CaptureSessionManager.swift in Sources */ = {isa = PBXBuildFile; fileRef = 9FD295C0214F0F050044765B /* CaptureSessionManager.swift */; };
		9FD295DC214F0F050044765B /* CloseButton.swift in Sources */ = {isa = PBXBuildFile; fileRef = 9FD295C1214F0F050044765B /* CloseButton.swift */; };
		9FD295DD214F0F050044765B /* RectangleFeaturesFunnel.swift in Sources */ = {isa = PBXBuildFile; fileRef = 9FD295C2214F0F050044765B /* RectangleFeaturesFunnel.swift */; };
		9FD295DE214F0F050044765B /* ScannerViewController.swift in Sources */ = {isa = PBXBuildFile; fileRef = 9FD295C3214F0F050044765B /* ScannerViewController.swift */; };
		9FD295DF214F0F050044765B /* ShutterButton.swift in Sources */ = {isa = PBXBuildFile; fileRef = 9FD295C4214F0F050044765B /* ShutterButton.swift */; };
		9FD295E1214F0F9B0044765B /* UINavigationController.swift in Sources */ = {isa = PBXBuildFile; fileRef = 9FD295E0214F0F9B0044765B /* UINavigationController.swift */; };
		9FEE08B5214A27F3001EA6EA /* PredictCoverageViewController.swift in Sources */ = {isa = PBXBuildFile; fileRef = 9FEE08B4214A27F3001EA6EA /* PredictCoverageViewController.swift */; };
		9FEE08B7214A3886001EA6EA /* PredictCoverageView.swift in Sources */ = {isa = PBXBuildFile; fileRef = 9FEE08B6214A3886001EA6EA /* PredictCoverageView.swift */; };
		9FEE08B9214A4557001EA6EA /* PredictIntCell.swift in Sources */ = {isa = PBXBuildFile; fileRef = 9FEE08B8214A4557001EA6EA /* PredictIntCell.swift */; };
		9FEE08BC214A6D26001EA6EA /* PredictionsListTableViewController.swift in Sources */ = {isa = PBXBuildFile; fileRef = 9FEE08BB214A6D26001EA6EA /* PredictionsListTableViewController.swift */; };
		9FEE0920214B3756001EA6EA /* MainColors.swift in Sources */ = {isa = PBXBuildFile; fileRef = 9FEE091F214B3756001EA6EA /* MainColors.swift */; };
		9FEE0924214C38C2001EA6EA /* PredictionsListView.swift in Sources */ = {isa = PBXBuildFile; fileRef = 9FEE0923214C38C2001EA6EA /* PredictionsListView.swift */; };
/* End PBXBuildFile section */

/* Begin PBXContainerItemProxy section */
		9F13D23C213E5A7000F44527 /* PBXContainerItemProxy */ = {
			isa = PBXContainerItemProxy;
			containerPortal = 9F13D21C213E5A7000F44527 /* Project object */;
			proxyType = 1;
			remoteGlobalIDString = 9F13D223213E5A7000F44527;
			remoteInfo = SnapCard;
		};
		9F13D247213E5A7000F44527 /* PBXContainerItemProxy */ = {
			isa = PBXContainerItemProxy;
			containerPortal = 9F13D21C213E5A7000F44527 /* Project object */;
			proxyType = 1;
			remoteGlobalIDString = 9F13D223213E5A7000F44527;
			remoteInfo = SnapCard;
		};
/* End PBXContainerItemProxy section */

/* Begin PBXFileReference section */
		21DC390164A984DC5D30368C /* Pods-SmartSprayUITests.release.xcconfig */ = {isa = PBXFileReference; includeInIndex = 1; lastKnownFileType = text.xcconfig; name = "Pods-SmartSprayUITests.release.xcconfig"; path = "Pods/Target Support Files/Pods-SmartSprayUITests/Pods-SmartSprayUITests.release.xcconfig"; sourceTree = "<group>"; };
		22FEE041F1CFEA08321703C0 /* Pods-SmartSprayTests.debug.xcconfig */ = {isa = PBXFileReference; includeInIndex = 1; lastKnownFileType = text.xcconfig; name = "Pods-SmartSprayTests.debug.xcconfig"; path = "Pods/Target Support Files/Pods-SmartSprayTests/Pods-SmartSprayTests.debug.xcconfig"; sourceTree = "<group>"; };
		2EC1F8647229285E419D71B0 /* Pods-SmartSprayTests.release.xcconfig */ = {isa = PBXFileReference; includeInIndex = 1; lastKnownFileType = text.xcconfig; name = "Pods-SmartSprayTests.release.xcconfig"; path = "Pods/Target Support Files/Pods-SmartSprayTests/Pods-SmartSprayTests.release.xcconfig"; sourceTree = "<group>"; };
		353CEF4A801FD2665F14D238 /* Pods_SmartSprayUITests.framework */ = {isa = PBXFileReference; explicitFileType = wrapper.framework; includeInIndex = 0; path = Pods_SmartSprayUITests.framework; sourceTree = BUILT_PRODUCTS_DIR; };
		46906328C7D1A082AEF8C91F /* Pods_SmartSpray.framework */ = {isa = PBXFileReference; explicitFileType = wrapper.framework; includeInIndex = 0; path = Pods_SmartSpray.framework; sourceTree = BUILT_PRODUCTS_DIR; };
		787C23066519ADF7604F7062 /* Pods-SmartSpray.release.xcconfig */ = {isa = PBXFileReference; includeInIndex = 1; lastKnownFileType = text.xcconfig; name = "Pods-SmartSpray.release.xcconfig"; path = "Pods/Target Support Files/Pods-SmartSpray/Pods-SmartSpray.release.xcconfig"; sourceTree = "<group>"; };
		9F13D224213E5A7000F44527 /* SmartSpray.app */ = {isa = PBXFileReference; explicitFileType = wrapper.application; includeInIndex = 0; path = SmartSpray.app; sourceTree = BUILT_PRODUCTS_DIR; };
		9F13D227213E5A7000F44527 /* AppDelegate.swift */ = {isa = PBXFileReference; lastKnownFileType = sourcecode.swift; path = AppDelegate.swift; sourceTree = "<group>"; };
		9F13D229213E5A7000F44527 /* CaptureViewController.swift */ = {isa = PBXFileReference; lastKnownFileType = sourcecode.swift; path = CaptureViewController.swift; sourceTree = "<group>"; };
		9F13D22C213E5A7000F44527 /* Base */ = {isa = PBXFileReference; lastKnownFileType = file.storyboard; name = Base; path = Base.lproj/Main.storyboard; sourceTree = "<group>"; };
		9F13D22F213E5A7000F44527 /* SnapCard.xcdatamodel */ = {isa = PBXFileReference; lastKnownFileType = wrapper.xcdatamodel; path = SnapCard.xcdatamodel; sourceTree = "<group>"; };
		9F13D231213E5A7000F44527 /* Assets.xcassets */ = {isa = PBXFileReference; lastKnownFileType = folder.assetcatalog; path = Assets.xcassets; sourceTree = "<group>"; };
		9F13D234213E5A7000F44527 /* Base */ = {isa = PBXFileReference; lastKnownFileType = file.storyboard; name = Base; path = Base.lproj/LaunchScreen.storyboard; sourceTree = "<group>"; };
		9F13D236213E5A7000F44527 /* Info.plist */ = {isa = PBXFileReference; lastKnownFileType = text.plist.xml; path = Info.plist; sourceTree = "<group>"; };
		9F13D23B213E5A7000F44527 /* SmartSprayTests.xctest */ = {isa = PBXFileReference; explicitFileType = wrapper.cfbundle; includeInIndex = 0; path = SmartSprayTests.xctest; sourceTree = BUILT_PRODUCTS_DIR; };
		9F13D23F213E5A7000F44527 /* SmartSprayTests.swift */ = {isa = PBXFileReference; lastKnownFileType = sourcecode.swift; path = SmartSprayTests.swift; sourceTree = "<group>"; };
		9F13D241213E5A7000F44527 /* Info.plist */ = {isa = PBXFileReference; lastKnownFileType = text.plist.xml; path = Info.plist; sourceTree = "<group>"; };
		9F13D246213E5A7000F44527 /* SmartSprayUITests.xctest */ = {isa = PBXFileReference; explicitFileType = wrapper.cfbundle; includeInIndex = 0; path = SmartSprayUITests.xctest; sourceTree = BUILT_PRODUCTS_DIR; };
		9F13D24A213E5A7000F44527 /* SmartSprayUITests.swift */ = {isa = PBXFileReference; lastKnownFileType = sourcecode.swift; path = SmartSprayUITests.swift; sourceTree = "<group>"; };
		9F13D24C213E5A7000F44527 /* Info.plist */ = {isa = PBXFileReference; lastKnownFileType = text.plist.xml; path = Info.plist; sourceTree = "<group>"; };
		9F13D2FA214069FF00F44527 /* DominantImageColors.swift */ = {isa = PBXFileReference; lastKnownFileType = sourcecode.swift; path = DominantImageColors.swift; sourceTree = "<group>"; };
		9F13D2FC21409B1100F44527 /* ImageColorQuantization.swift */ = {isa = PBXFileReference; lastKnownFileType = sourcecode.swift; path = ImageColorQuantization.swift; sourceTree = "<group>"; };
		9F5A06D72145101600ED418D /* CropView.swift */ = {isa = PBXFileReference; lastKnownFileType = sourcecode.swift; path = CropView.swift; sourceTree = "<group>"; };
		9F5A06DB2145240500ED418D /* AnalyzeView.swift */ = {isa = PBXFileReference; lastKnownFileType = sourcecode.swift; path = AnalyzeView.swift; sourceTree = "<group>"; };
		9F5A06DD21452CD700ED418D /* QuantizedImage.swift */ = {isa = PBXFileReference; lastKnownFileType = sourcecode.swift; path = QuantizedImage.swift; sourceTree = "<group>"; };
		9F5A06DF21452CFF00ED418D /* RGBA32.swift */ = {isa = PBXFileReference; lastKnownFileType = sourcecode.swift; path = RGBA32.swift; sourceTree = "<group>"; };
		9F5A06E12145BEF800ED418D /* SaveFormViewController.swift */ = {isa = PBXFileReference; lastKnownFileType = sourcecode.swift; path = SaveFormViewController.swift; sourceTree = "<group>"; };
		9FBF07772144EFDC004AC908 /* AnalyzeViewController.swift */ = {isa = PBXFileReference; lastKnownFileType = sourcecode.swift; path = AnalyzeViewController.swift; sourceTree = "<group>"; };
		9FBF07912144F5F3004AC908 /* CaptureView.swift */ = {isa = PBXFileReference; lastKnownFileType = sourcecode.swift; path = CaptureView.swift; sourceTree = "<group>"; };
		9FBF0793214500C6004AC908 /* CropViewController.swift */ = {isa = PBXFileReference; lastKnownFileType = sourcecode.swift; path = CropViewController.swift; sourceTree = "<group>"; };
		9FD29553214C4E480044765B /* MainContainerViewController.swift */ = {isa = PBXFileReference; lastKnownFileType = sourcecode.swift; path = MainContainerViewController.swift; sourceTree = "<group>"; };
		9FD29555214CB6E30044765B /* CropActions.swift */ = {isa = PBXFileReference; lastKnownFileType = sourcecode.swift; path = CropActions.swift; sourceTree = "<group>"; };
		9FD29557214D8ECF0044765B /* UITabBarController.swift */ = {isa = PBXFileReference; lastKnownFileType = sourcecode.swift; path = UITabBarController.swift; sourceTree = "<group>"; };
		9FD29559214D9DCC0044765B /* AnalyzeActions.swift */ = {isa = PBXFileReference; lastKnownFileType = sourcecode.swift; path = AnalyzeActions.swift; sourceTree = "<group>"; };
		9FD29560214E2C8B0044765B /* PredictCoverageForm.swift */ = {isa = PBXFileReference; lastKnownFileType = sourcecode.swift; path = PredictCoverageForm.swift; sourceTree = "<group>"; };
		9FD29563214F003E0044765B /* ImageScannerViewController.swift */ = {isa = PBXFileReference; lastKnownFileType = sourcecode.swift; path = ImageScannerViewController.swift; sourceTree = "<group>"; };
		9FD295A5214F0F050044765B /* EditScanCornerView.swift */ = {isa = PBXFileReference; fileEncoding = 4; lastKnownFileType = sourcecode.swift; path = EditScanCornerView.swift; sourceTree = "<group>"; };
		9FD295A6214F0F050044765B /* Error.swift */ = {isa = PBXFileReference; fileEncoding = 4; lastKnownFileType = sourcecode.swift; path = Error.swift; sourceTree = "<group>"; };
		9FD295A7214F0F050044765B /* Quadrilateral.swift */ = {isa = PBXFileReference; fileEncoding = 4; lastKnownFileType = sourcecode.swift; path = Quadrilateral.swift; sourceTree = "<group>"; };
		9FD295A8214F0F050044765B /* QuadrilateralView.swift */ = {isa = PBXFileReference; fileEncoding = 4; lastKnownFileType = sourcecode.swift; path = QuadrilateralView.swift; sourceTree = "<group>"; };
		9FD295A9214F0F050044765B /* RectangleDetector.swift */ = {isa = PBXFileReference; fileEncoding = 4; lastKnownFileType = sourcecode.swift; path = RectangleDetector.swift; sourceTree = "<group>"; };
		9FD295AB214F0F050044765B /* EditScanViewController.swift */ = {isa = PBXFileReference; fileEncoding = 4; lastKnownFileType = sourcecode.swift; path = EditScanViewController.swift; sourceTree = "<group>"; };
		9FD295AC214F0F050044765B /* ZoomGestureController.swift */ = {isa = PBXFileReference; fileEncoding = 4; lastKnownFileType = sourcecode.swift; path = ZoomGestureController.swift; sourceTree = "<group>"; };
		9FD295AE214F0F050044765B /* en */ = {isa = PBXFileReference; lastKnownFileType = text.plist.strings; name = en; path = en.lproj/Localizable.strings; sourceTree = "<group>"; };
		9FD295B0214F0F050044765B /* Array+Utils.swift */ = {isa = PBXFileReference; fileEncoding = 4; lastKnownFileType = sourcecode.swift; path = "Array+Utils.swift"; sourceTree = "<group>"; };
		9FD295B1214F0F050044765B /* AVCaptureVideoOrientation+Utils.swift */ = {isa = PBXFileReference; fileEncoding = 4; lastKnownFileType = sourcecode.swift; path = "AVCaptureVideoOrientation+Utils.swift"; sourceTree = "<group>"; };
		9FD295B2214F0F050044765B /* CGAffineTransform+Utils.swift */ = {isa = PBXFileReference; fileEncoding = 4; lastKnownFileType = sourcecode.swift; path = "CGAffineTransform+Utils.swift"; sourceTree = "<group>"; };
		9FD295B3214F0F050044765B /* CGPoint+Utils.swift */ = {isa = PBXFileReference; fileEncoding = 4; lastKnownFileType = sourcecode.swift; path = "CGPoint+Utils.swift"; sourceTree = "<group>"; };
		9FD295B4214F0F050044765B /* CGRect+Utils.swift */ = {isa = PBXFileReference; fileEncoding = 4; lastKnownFileType = sourcecode.swift; path = "CGRect+Utils.swift"; sourceTree = "<group>"; };
		9FD295B5214F0F050044765B /* CIRectangleFeature+Utils.swift */ = {isa = PBXFileReference; fileEncoding = 4; lastKnownFileType = sourcecode.swift; path = "CIRectangleFeature+Utils.swift"; sourceTree = "<group>"; };
		9FD295B6214F0F050044765B /* UIImage+Orientation.swift */ = {isa = PBXFileReference; fileEncoding = 4; lastKnownFileType = sourcecode.swift; path = "UIImage+Orientation.swift"; sourceTree = "<group>"; };
		9FD295B7214F0F050044765B /* UIImage+Utils.swift */ = {isa = PBXFileReference; fileEncoding = 4; lastKnownFileType = sourcecode.swift; path = "UIImage+Utils.swift"; sourceTree = "<group>"; };
		9FD295B8214F0F050044765B /* ImageScannerController.swift */ = {isa = PBXFileReference; fileEncoding = 4; lastKnownFileType = sourcecode.swift; path = ImageScannerController.swift; sourceTree = "<group>"; };
		9FD295B9214F0F050044765B /* Info.plist */ = {isa = PBXFileReference; fileEncoding = 4; lastKnownFileType = text.plist.xml; path = Info.plist; sourceTree = "<group>"; };
		9FD295BA214F0F050044765B /* Localizable.strings */ = {isa = PBXFileReference; fileEncoding = 4; lastKnownFileType = text.plist.strings; path = Localizable.strings; sourceTree = "<group>"; };
		9FD295BC214F0F050044765B /* Transformable.swift */ = {isa = PBXFileReference; fileEncoding = 4; lastKnownFileType = sourcecode.swift; path = Transformable.swift; sourceTree = "<group>"; };
		9FD295BE214F0F050044765B /* ReviewViewController.swift */ = {isa = PBXFileReference; fileEncoding = 4; lastKnownFileType = sourcecode.swift; path = ReviewViewController.swift; sourceTree = "<group>"; };
		9FD295C0214F0F050044765B /* CaptureSessionManager.swift */ = {isa = PBXFileReference; fileEncoding = 4; lastKnownFileType = sourcecode.swift; path = CaptureSessionManager.swift; sourceTree = "<group>"; };
		9FD295C1214F0F050044765B /* CloseButton.swift */ = {isa = PBXFileReference; fileEncoding = 4; lastKnownFileType = sourcecode.swift; path = CloseButton.swift; sourceTree = "<group>"; };
		9FD295C2214F0F050044765B /* RectangleFeaturesFunnel.swift */ = {isa = PBXFileReference; fileEncoding = 4; lastKnownFileType = sourcecode.swift; path = RectangleFeaturesFunnel.swift; sourceTree = "<group>"; };
		9FD295C3214F0F050044765B /* ScannerViewController.swift */ = {isa = PBXFileReference; fileEncoding = 4; lastKnownFileType = sourcecode.swift; path = ScannerViewController.swift; sourceTree = "<group>"; };
		9FD295C4214F0F050044765B /* ShutterButton.swift */ = {isa = PBXFileReference; fileEncoding = 4; lastKnownFileType = sourcecode.swift; path = ShutterButton.swift; sourceTree = "<group>"; };
		9FD295C5214F0F050044765B /* WeScan.h */ = {isa = PBXFileReference; fileEncoding = 4; lastKnownFileType = sourcecode.c.h; path = WeScan.h; sourceTree = "<group>"; };
		9FD295E0214F0F9B0044765B /* UINavigationController.swift */ = {isa = PBXFileReference; lastKnownFileType = sourcecode.swift; path = UINavigationController.swift; sourceTree = "<group>"; };
		9FEE08B4214A27F3001EA6EA /* PredictCoverageViewController.swift */ = {isa = PBXFileReference; lastKnownFileType = sourcecode.swift; path = PredictCoverageViewController.swift; sourceTree = "<group>"; };
		9FEE08B6214A3886001EA6EA /* PredictCoverageView.swift */ = {isa = PBXFileReference; lastKnownFileType = sourcecode.swift; path = PredictCoverageView.swift; sourceTree = "<group>"; };
		9FEE08B8214A4557001EA6EA /* PredictIntCell.swift */ = {isa = PBXFileReference; lastKnownFileType = sourcecode.swift; path = PredictIntCell.swift; sourceTree = "<group>"; };
		9FEE08BB214A6D26001EA6EA /* PredictionsListTableViewController.swift */ = {isa = PBXFileReference; lastKnownFileType = sourcecode.swift; path = PredictionsListTableViewController.swift; sourceTree = "<group>"; };
		9FEE091F214B3756001EA6EA /* MainColors.swift */ = {isa = PBXFileReference; lastKnownFileType = sourcecode.swift; path = MainColors.swift; sourceTree = "<group>"; };
		9FEE0923214C38C2001EA6EA /* PredictionsListView.swift */ = {isa = PBXFileReference; lastKnownFileType = sourcecode.swift; path = PredictionsListView.swift; sourceTree = "<group>"; };
		A03F89954BB909D1D0A29462 /* Pods_SmartSprayTests.framework */ = {isa = PBXFileReference; explicitFileType = wrapper.framework; includeInIndex = 0; path = Pods_SmartSprayTests.framework; sourceTree = BUILT_PRODUCTS_DIR; };
		BDA190A4CC7C83904B0FED9A /* Pods-SmartSpray.debug.xcconfig */ = {isa = PBXFileReference; includeInIndex = 1; lastKnownFileType = text.xcconfig; name = "Pods-SmartSpray.debug.xcconfig"; path = "Pods/Target Support Files/Pods-SmartSpray/Pods-SmartSpray.debug.xcconfig"; sourceTree = "<group>"; };
		EC9917E639705C9192D7DF61 /* Pods-SmartSprayUITests.debug.xcconfig */ = {isa = PBXFileReference; includeInIndex = 1; lastKnownFileType = text.xcconfig; name = "Pods-SmartSprayUITests.debug.xcconfig"; path = "Pods/Target Support Files/Pods-SmartSprayUITests/Pods-SmartSprayUITests.debug.xcconfig"; sourceTree = "<group>"; };
/* End PBXFileReference section */

/* Begin PBXFrameworksBuildPhase section */
		9F13D221213E5A7000F44527 /* Frameworks */ = {
			isa = PBXFrameworksBuildPhase;
			buildActionMask = 2147483647;
			files = (
				59693E7DFD22D8F123EAA2B3 /* Pods_SmartSpray.framework in Frameworks */,
			);
			runOnlyForDeploymentPostprocessing = 0;
		};
		9F13D238213E5A7000F44527 /* Frameworks */ = {
			isa = PBXFrameworksBuildPhase;
			buildActionMask = 2147483647;
			files = (
				8497A3EB18987C22EC56CDC7 /* Pods_SmartSprayTests.framework in Frameworks */,
			);
			runOnlyForDeploymentPostprocessing = 0;
		};
		9F13D243213E5A7000F44527 /* Frameworks */ = {
			isa = PBXFrameworksBuildPhase;
			buildActionMask = 2147483647;
			files = (
				4EFEE48C138D123A3E210696 /* Pods_SmartSprayUITests.framework in Frameworks */,
			);
			runOnlyForDeploymentPostprocessing = 0;
		};
/* End PBXFrameworksBuildPhase section */

/* Begin PBXGroup section */
		56AB8D8D1E6A26A5939A9046 /* Frameworks */ = {
			isa = PBXGroup;
			children = (
				46906328C7D1A082AEF8C91F /* Pods_SmartSpray.framework */,
				A03F89954BB909D1D0A29462 /* Pods_SmartSprayTests.framework */,
				353CEF4A801FD2665F14D238 /* Pods_SmartSprayUITests.framework */,
			);
			name = Frameworks;
			sourceTree = "<group>";
		};
		9F13D21B213E5A7000F44527 = {
			isa = PBXGroup;
			children = (
				9F13D226213E5A7000F44527 /* SmartSpray */,
				9F13D23E213E5A7000F44527 /* SmartSprayTests */,
				9F13D249213E5A7000F44527 /* SmartSprayUITests */,
				9F13D225213E5A7000F44527 /* Products */,
				EFA753EF031062CDE3EB2691 /* Pods */,
				56AB8D8D1E6A26A5939A9046 /* Frameworks */,
			);
			sourceTree = "<group>";
		};
		9F13D225213E5A7000F44527 /* Products */ = {
			isa = PBXGroup;
			children = (
				9F13D224213E5A7000F44527 /* SmartSpray.app */,
				9F13D23B213E5A7000F44527 /* SmartSprayTests.xctest */,
				9F13D246213E5A7000F44527 /* SmartSprayUITests.xctest */,
			);
			name = Products;
			sourceTree = "<group>";
		};
		9F13D226213E5A7000F44527 /* SmartSpray */ = {
			isa = PBXGroup;
			children = (
				9FD295A3214F0F050044765B /* WeScan */,
				9FBF076F2144EE6E004AC908 /* Assets */,
				9FBF076E2144EE68004AC908 /* Application */,
				9FBF076D2144EE5D004AC908 /* Models */,
				9F13D22B213E5A7000F44527 /* Main.storyboard */,
				9F13D233213E5A7000F44527 /* LaunchScreen.storyboard */,
				9F13D236213E5A7000F44527 /* Info.plist */,
				9F13D22E213E5A7000F44527 /* ImageColorQuantization.xcdatamodeld */,
			);
			path = SmartSpray;
			sourceTree = "<group>";
		};
		9F13D23E213E5A7000F44527 /* SmartSprayTests */ = {
			isa = PBXGroup;
			children = (
				9F13D23F213E5A7000F44527 /* SmartSprayTests.swift */,
				9F13D241213E5A7000F44527 /* Info.plist */,
			);
			name = SmartSprayTests;
			path = SnapCardTests;
			sourceTree = "<group>";
		};
		9F13D249213E5A7000F44527 /* SmartSprayUITests */ = {
			isa = PBXGroup;
			children = (
				9F13D24A213E5A7000F44527 /* SmartSprayUITests.swift */,
				9F13D24C213E5A7000F44527 /* Info.plist */,
			);
			name = SmartSprayUITests;
			path = SnapCardUITests;
			sourceTree = "<group>";
		};
		9F5A06D9214522A500ED418D /* Crop */ = {
			isa = PBXGroup;
			children = (
				9FBF0793214500C6004AC908 /* CropViewController.swift */,
				9F5A06D72145101600ED418D /* CropView.swift */,
				9FD29555214CB6E30044765B /* CropActions.swift */,
			);
			path = Crop;
			sourceTree = "<group>";
		};
		9F5A06DA214522AA00ED418D /* Analyze */ = {
			isa = PBXGroup;
			children = (
				9FBF07772144EFDC004AC908 /* AnalyzeViewController.swift */,
				9F5A06DB2145240500ED418D /* AnalyzeView.swift */,
				9FD29559214D9DCC0044765B /* AnalyzeActions.swift */,
			);
			path = Analyze;
			sourceTree = "<group>";
		};
		9FBF076D2144EE5D004AC908 /* Models */ = {
			isa = PBXGroup;
			children = (
				9F5A06DD21452CD700ED418D /* QuantizedImage.swift */,
				9F5A06DF21452CFF00ED418D /* RGBA32.swift */,
			);
			path = Models;
			sourceTree = "<group>";
		};
		9FBF076E2144EE68004AC908 /* Application */ = {
			isa = PBXGroup;
			children = (
				9FBF07742144EEEB004AC908 /* Main */,
				9FBF07732144EE9C004AC908 /* Predict */,
				9FD2955E214D9E580044765B /* CaptureSprayCard */,
				9FEE08BA214A6CFA001EA6EA /* PredictionsList */,
				9FBF07762144EF26004AC908 /* Extensions */,
				9FBF07752144EF21004AC908 /* Common */,
			);
			path = Application;
			sourceTree = "<group>";
		};
		9FBF076F2144EE6E004AC908 /* Assets */ = {
			isa = PBXGroup;
			children = (
				9F13D231213E5A7000F44527 /* Assets.xcassets */,
			);
			path = Assets;
			sourceTree = "<group>";
		};
		9FBF07722144EE97004AC908 /* Capture */ = {
			isa = PBXGroup;
			children = (
				9F13D229213E5A7000F44527 /* CaptureViewController.swift */,
				9FBF07912144F5F3004AC908 /* CaptureView.swift */,
			);
			path = Capture;
			sourceTree = "<group>";
		};
		9FBF07732144EE9C004AC908 /* Predict */ = {
			isa = PBXGroup;
			children = (
				9FEE08B4214A27F3001EA6EA /* PredictCoverageViewController.swift */,
				9FD29560214E2C8B0044765B /* PredictCoverageForm.swift */,
				9FEE08B6214A3886001EA6EA /* PredictCoverageView.swift */,
				9FEE08B8214A4557001EA6EA /* PredictIntCell.swift */,
			);
			path = Predict;
			sourceTree = "<group>";
		};
		9FBF07742144EEEB004AC908 /* Main */ = {
			isa = PBXGroup;
			children = (
				9F13D227213E5A7000F44527 /* AppDelegate.swift */,
				9FD29553214C4E480044765B /* MainContainerViewController.swift */,
			);
			path = Main;
			sourceTree = "<group>";
		};
		9FBF07752144EF21004AC908 /* Common */ = {
			isa = PBXGroup;
			children = (
				9FEE091F214B3756001EA6EA /* MainColors.swift */,
				9FD29557214D8ECF0044765B /* UITabBarController.swift */,
				9FD295E0214F0F9B0044765B /* UINavigationController.swift */,
			);
			path = Common;
			sourceTree = "<group>";
		};
		9FBF07762144EF26004AC908 /* Extensions */ = {
			isa = PBXGroup;
			children = (
				9F13D2FC21409B1100F44527 /* ImageColorQuantization.swift */,
				9F13D2FA214069FF00F44527 /* DominantImageColors.swift */,
			);
			path = Extensions;
			sourceTree = "<group>";
		};
		9FD2955E214D9E580044765B /* CaptureSprayCard */ = {
			isa = PBXGroup;
			children = (
				9FD29562214F001D0044765B /* TestDocumentScanner */,
				9FBF07722144EE97004AC908 /* Capture */,
				9F5A06D9214522A500ED418D /* Crop */,
				9F5A06DA214522AA00ED418D /* Analyze */,
				9FD2955F214E00400044765B /* Save */,
			);
			path = CaptureSprayCard;
			sourceTree = "<group>";
		};
		9FD2955F214E00400044765B /* Save */ = {
			isa = PBXGroup;
			children = (
				9F5A06E12145BEF800ED418D /* SaveFormViewController.swift */,
			);
			path = Save;
			sourceTree = "<group>";
		};
		9FD29562214F001D0044765B /* TestDocumentScanner */ = {
			isa = PBXGroup;
			children = (
				9FD29563214F003E0044765B /* ImageScannerViewController.swift */,
			);
			path = TestDocumentScanner;
			sourceTree = "<group>";
		};
		9FD295A3214F0F050044765B /* WeScan */ = {
			isa = PBXGroup;
			children = (
				9FD295A4214F0F050044765B /* Common */,
				9FD295AA214F0F050044765B /* Edit */,
				9FD295AD214F0F050044765B /* Localizable.strings */,
				9FD295AF214F0F050044765B /* Extensions */,
				9FD295B8214F0F050044765B /* ImageScannerController.swift */,
				9FD295B9214F0F050044765B /* Info.plist */,
				9FD295BA214F0F050044765B /* Localizable.strings */,
				9FD295BB214F0F050044765B /* Protocols */,
				9FD295BD214F0F050044765B /* Review */,
				9FD295BF214F0F050044765B /* Scan */,
				9FD295C5214F0F050044765B /* WeScan.h */,
			);
			path = WeScan;
			sourceTree = "<group>";
		};
		9FD295A4214F0F050044765B /* Common */ = {
			isa = PBXGroup;
			children = (
				9FD295A5214F0F050044765B /* EditScanCornerView.swift */,
				9FD295A6214F0F050044765B /* Error.swift */,
				9FD295A7214F0F050044765B /* Quadrilateral.swift */,
				9FD295A8214F0F050044765B /* QuadrilateralView.swift */,
				9FD295A9214F0F050044765B /* RectangleDetector.swift */,
			);
			path = Common;
			sourceTree = "<group>";
		};
		9FD295AA214F0F050044765B /* Edit */ = {
			isa = PBXGroup;
			children = (
				9FD295AB214F0F050044765B /* EditScanViewController.swift */,
				9FD295AC214F0F050044765B /* ZoomGestureController.swift */,
			);
			path = Edit;
			sourceTree = "<group>";
		};
		9FD295AF214F0F050044765B /* Extensions */ = {
			isa = PBXGroup;
			children = (
				9FD295B0214F0F050044765B /* Array+Utils.swift */,
				9FD295B1214F0F050044765B /* AVCaptureVideoOrientation+Utils.swift */,
				9FD295B2214F0F050044765B /* CGAffineTransform+Utils.swift */,
				9FD295B3214F0F050044765B /* CGPoint+Utils.swift */,
				9FD295B4214F0F050044765B /* CGRect+Utils.swift */,
				9FD295B5214F0F050044765B /* CIRectangleFeature+Utils.swift */,
				9FD295B6214F0F050044765B /* UIImage+Orientation.swift */,
				9FD295B7214F0F050044765B /* UIImage+Utils.swift */,
			);
			path = Extensions;
			sourceTree = "<group>";
		};
		9FD295BB214F0F050044765B /* Protocols */ = {
			isa = PBXGroup;
			children = (
				9FD295BC214F0F050044765B /* Transformable.swift */,
			);
			path = Protocols;
			sourceTree = "<group>";
		};
		9FD295BD214F0F050044765B /* Review */ = {
			isa = PBXGroup;
			children = (
				9FD295BE214F0F050044765B /* ReviewViewController.swift */,
			);
			path = Review;
			sourceTree = "<group>";
		};
		9FD295BF214F0F050044765B /* Scan */ = {
			isa = PBXGroup;
			children = (
				9FD295C0214F0F050044765B /* CaptureSessionManager.swift */,
				9FD295C1214F0F050044765B /* CloseButton.swift */,
				9FD295C2214F0F050044765B /* RectangleFeaturesFunnel.swift */,
				9FD295C3214F0F050044765B /* ScannerViewController.swift */,
				9FD295C4214F0F050044765B /* ShutterButton.swift */,
			);
			path = Scan;
			sourceTree = "<group>";
		};
		9FEE08BA214A6CFA001EA6EA /* PredictionsList */ = {
			isa = PBXGroup;
			children = (
				9FEE08BB214A6D26001EA6EA /* PredictionsListTableViewController.swift */,
				9FEE0923214C38C2001EA6EA /* PredictionsListView.swift */,
			);
			path = PredictionsList;
			sourceTree = "<group>";
		};
		EFA753EF031062CDE3EB2691 /* Pods */ = {
			isa = PBXGroup;
			children = (
				BDA190A4CC7C83904B0FED9A /* Pods-SmartSpray.debug.xcconfig */,
				787C23066519ADF7604F7062 /* Pods-SmartSpray.release.xcconfig */,
				22FEE041F1CFEA08321703C0 /* Pods-SmartSprayTests.debug.xcconfig */,
				2EC1F8647229285E419D71B0 /* Pods-SmartSprayTests.release.xcconfig */,
				EC9917E639705C9192D7DF61 /* Pods-SmartSprayUITests.debug.xcconfig */,
				21DC390164A984DC5D30368C /* Pods-SmartSprayUITests.release.xcconfig */,
			);
			name = Pods;
			sourceTree = "<group>";
		};
/* End PBXGroup section */

/* Begin PBXNativeTarget section */
		9F13D223213E5A7000F44527 /* SmartSpray */ = {
			isa = PBXNativeTarget;
			buildConfigurationList = 9F13D24F213E5A7000F44527 /* Build configuration list for PBXNativeTarget "SmartSpray" */;
			buildPhases = (
				7A0D926785FE0F34728FD47D /* [CP] Check Pods Manifest.lock */,
				9F13D220213E5A7000F44527 /* Sources */,
				9F13D221213E5A7000F44527 /* Frameworks */,
				9F13D222213E5A7000F44527 /* Resources */,
				F28F7F9D5B44E16FC3B18A3C /* [CP] Embed Pods Frameworks */,
			);
			buildRules = (
			);
			dependencies = (
			);
			name = SmartSpray;
			productName = SnapCard;
			productReference = 9F13D224213E5A7000F44527 /* SmartSpray.app */;
			productType = "com.apple.product-type.application";
		};
		9F13D23A213E5A7000F44527 /* SmartSprayTests */ = {
			isa = PBXNativeTarget;
			buildConfigurationList = 9F13D252213E5A7000F44527 /* Build configuration list for PBXNativeTarget "SmartSprayTests" */;
			buildPhases = (
				728082F2191D57CC7783A0B5 /* [CP] Check Pods Manifest.lock */,
				9F13D237213E5A7000F44527 /* Sources */,
				9F13D238213E5A7000F44527 /* Frameworks */,
				9F13D239213E5A7000F44527 /* Resources */,
			);
			buildRules = (
			);
			dependencies = (
				9F13D23D213E5A7000F44527 /* PBXTargetDependency */,
			);
			name = SmartSprayTests;
			productName = SnapCardTests;
			productReference = 9F13D23B213E5A7000F44527 /* SmartSprayTests.xctest */;
			productType = "com.apple.product-type.bundle.unit-test";
		};
		9F13D245213E5A7000F44527 /* SmartSprayUITests */ = {
			isa = PBXNativeTarget;
			buildConfigurationList = 9F13D255213E5A7000F44527 /* Build configuration list for PBXNativeTarget "SmartSprayUITests" */;
			buildPhases = (
				3EB53CAB9555405CD806D1DF /* [CP] Check Pods Manifest.lock */,
				9F13D242213E5A7000F44527 /* Sources */,
				9F13D243213E5A7000F44527 /* Frameworks */,
				9F13D244213E5A7000F44527 /* Resources */,
			);
			buildRules = (
			);
			dependencies = (
				9F13D248213E5A7000F44527 /* PBXTargetDependency */,
			);
			name = SmartSprayUITests;
			productName = SnapCardUITests;
			productReference = 9F13D246213E5A7000F44527 /* SmartSprayUITests.xctest */;
			productType = "com.apple.product-type.bundle.ui-testing";
		};
/* End PBXNativeTarget section */

/* Begin PBXProject section */
		9F13D21C213E5A7000F44527 /* Project object */ = {
			isa = PBXProject;
			attributes = {
				LastSwiftUpdateCheck = 0920;
				LastUpgradeCheck = 0920;
				ORGANIZATIONNAME = SkylerBala;
				TargetAttributes = {
					9F13D223213E5A7000F44527 = {
						CreatedOnToolsVersion = 9.2;
						ProvisioningStyle = Automatic;
					};
					9F13D23A213E5A7000F44527 = {
						CreatedOnToolsVersion = 9.2;
						ProvisioningStyle = Automatic;
						TestTargetID = 9F13D223213E5A7000F44527;
					};
					9F13D245213E5A7000F44527 = {
						CreatedOnToolsVersion = 9.2;
						ProvisioningStyle = Automatic;
						TestTargetID = 9F13D223213E5A7000F44527;
					};
				};
			};
			buildConfigurationList = 9F13D21F213E5A7000F44527 /* Build configuration list for PBXProject "SmartSpray" */;
			compatibilityVersion = "Xcode 8.0";
			developmentRegion = en;
			hasScannedForEncodings = 0;
			knownRegions = (
				en,
				Base,
			);
			mainGroup = 9F13D21B213E5A7000F44527;
			productRefGroup = 9F13D225213E5A7000F44527 /* Products */;
			projectDirPath = "";
			projectRoot = "";
			targets = (
				9F13D223213E5A7000F44527 /* SmartSpray */,
				9F13D23A213E5A7000F44527 /* SmartSprayTests */,
				9F13D245213E5A7000F44527 /* SmartSprayUITests */,
			);
		};
/* End PBXProject section */

/* Begin PBXResourcesBuildPhase section */
		9F13D222213E5A7000F44527 /* Resources */ = {
			isa = PBXResourcesBuildPhase;
			buildActionMask = 2147483647;
			files = (
				9F13D235213E5A7000F44527 /* LaunchScreen.storyboard in Resources */,
				9FD295D8214F0F050044765B /* Localizable.strings in Resources */,
				9FD295CD214F0F050044765B /* Localizable.strings in Resources */,
				9F13D232213E5A7000F44527 /* Assets.xcassets in Resources */,
				9FD295D7214F0F050044765B /* Info.plist in Resources */,
				9F13D22D213E5A7000F44527 /* Main.storyboard in Resources */,
			);
			runOnlyForDeploymentPostprocessing = 0;
		};
		9F13D239213E5A7000F44527 /* Resources */ = {
			isa = PBXResourcesBuildPhase;
			buildActionMask = 2147483647;
			files = (
			);
			runOnlyForDeploymentPostprocessing = 0;
		};
		9F13D244213E5A7000F44527 /* Resources */ = {
			isa = PBXResourcesBuildPhase;
			buildActionMask = 2147483647;
			files = (
			);
			runOnlyForDeploymentPostprocessing = 0;
		};
/* End PBXResourcesBuildPhase section */

/* Begin PBXShellScriptBuildPhase section */
		3EB53CAB9555405CD806D1DF /* [CP] Check Pods Manifest.lock */ = {
			isa = PBXShellScriptBuildPhase;
			buildActionMask = 2147483647;
			files = (
			);
			inputPaths = (
				"${PODS_PODFILE_DIR_PATH}/Podfile.lock",
				"${PODS_ROOT}/Manifest.lock",
			);
			name = "[CP] Check Pods Manifest.lock";
			outputPaths = (
				"$(DERIVED_FILE_DIR)/Pods-SmartSprayUITests-checkManifestLockResult.txt",
			);
			runOnlyForDeploymentPostprocessing = 0;
			shellPath = /bin/sh;
			shellScript = "diff \"${PODS_PODFILE_DIR_PATH}/Podfile.lock\" \"${PODS_ROOT}/Manifest.lock\" > /dev/null\nif [ $? != 0 ] ; then\n    # print error to STDERR\n    echo \"error: The sandbox is not in sync with the Podfile.lock. Run 'pod install' or update your CocoaPods installation.\" >&2\n    exit 1\nfi\n# This output is used by Xcode 'outputs' to avoid re-running this script phase.\necho \"SUCCESS\" > \"${SCRIPT_OUTPUT_FILE_0}\"\n";
			showEnvVarsInLog = 0;
		};
		728082F2191D57CC7783A0B5 /* [CP] Check Pods Manifest.lock */ = {
			isa = PBXShellScriptBuildPhase;
			buildActionMask = 2147483647;
			files = (
			);
			inputPaths = (
				"${PODS_PODFILE_DIR_PATH}/Podfile.lock",
				"${PODS_ROOT}/Manifest.lock",
			);
			name = "[CP] Check Pods Manifest.lock";
			outputPaths = (
				"$(DERIVED_FILE_DIR)/Pods-SmartSprayTests-checkManifestLockResult.txt",
			);
			runOnlyForDeploymentPostprocessing = 0;
			shellPath = /bin/sh;
			shellScript = "diff \"${PODS_PODFILE_DIR_PATH}/Podfile.lock\" \"${PODS_ROOT}/Manifest.lock\" > /dev/null\nif [ $? != 0 ] ; then\n    # print error to STDERR\n    echo \"error: The sandbox is not in sync with the Podfile.lock. Run 'pod install' or update your CocoaPods installation.\" >&2\n    exit 1\nfi\n# This output is used by Xcode 'outputs' to avoid re-running this script phase.\necho \"SUCCESS\" > \"${SCRIPT_OUTPUT_FILE_0}\"\n";
			showEnvVarsInLog = 0;
		};
		7A0D926785FE0F34728FD47D /* [CP] Check Pods Manifest.lock */ = {
			isa = PBXShellScriptBuildPhase;
			buildActionMask = 2147483647;
			files = (
			);
			inputPaths = (
				"${PODS_PODFILE_DIR_PATH}/Podfile.lock",
				"${PODS_ROOT}/Manifest.lock",
			);
			name = "[CP] Check Pods Manifest.lock";
			outputPaths = (
				"$(DERIVED_FILE_DIR)/Pods-SmartSpray-checkManifestLockResult.txt",
			);
			runOnlyForDeploymentPostprocessing = 0;
			shellPath = /bin/sh;
			shellScript = "diff \"${PODS_PODFILE_DIR_PATH}/Podfile.lock\" \"${PODS_ROOT}/Manifest.lock\" > /dev/null\nif [ $? != 0 ] ; then\n    # print error to STDERR\n    echo \"error: The sandbox is not in sync with the Podfile.lock. Run 'pod install' or update your CocoaPods installation.\" >&2\n    exit 1\nfi\n# This output is used by Xcode 'outputs' to avoid re-running this script phase.\necho \"SUCCESS\" > \"${SCRIPT_OUTPUT_FILE_0}\"\n";
			showEnvVarsInLog = 0;
		};
		F28F7F9D5B44E16FC3B18A3C /* [CP] Embed Pods Frameworks */ = {
			isa = PBXShellScriptBuildPhase;
			buildActionMask = 2147483647;
			files = (
			);
			inputPaths = (
				"${SRCROOT}/Pods/Target Support Files/Pods-SmartSpray/Pods-SmartSpray-frameworks.sh",
				"${BUILT_PRODUCTS_DIR}/EZLoadingActivity/EZLoadingActivity.framework",
				"${BUILT_PRODUCTS_DIR}/Eureka/Eureka.framework",
				"${BUILT_PRODUCTS_DIR}/IGRPhotoTweaks/IGRPhotoTweaks.framework",
			);
			name = "[CP] Embed Pods Frameworks";
			outputPaths = (
				"${TARGET_BUILD_DIR}/${FRAMEWORKS_FOLDER_PATH}/EZLoadingActivity.framework",
				"${TARGET_BUILD_DIR}/${FRAMEWORKS_FOLDER_PATH}/Eureka.framework",
				"${TARGET_BUILD_DIR}/${FRAMEWORKS_FOLDER_PATH}/IGRPhotoTweaks.framework",
			);
			runOnlyForDeploymentPostprocessing = 0;
			shellPath = /bin/sh;
			shellScript = "\"${SRCROOT}/Pods/Target Support Files/Pods-SmartSpray/Pods-SmartSpray-frameworks.sh\"\n";
			showEnvVarsInLog = 0;
		};
/* End PBXShellScriptBuildPhase section */

/* Begin PBXSourcesBuildPhase section */
		9F13D220213E5A7000F44527 /* Sources */ = {
			isa = PBXSourcesBuildPhase;
			buildActionMask = 2147483647;
			files = (
				9FD295CF214F0F050044765B /* AVCaptureVideoOrientation+Utils.swift in Sources */,
				9F13D22A213E5A7000F44527 /* CaptureViewController.swift in Sources */,
				9FD295D4214F0F050044765B /* UIImage+Orientation.swift in Sources */,
				9FD295D5214F0F050044765B /* UIImage+Utils.swift in Sources */,
				9FD295D3214F0F050044765B /* CIRectangleFeature+Utils.swift in Sources */,
				9F13D230213E5A7000F44527 /* ImageColorQuantization.xcdatamodeld in Sources */,
				9FD295E1214F0F9B0044765B /* UINavigationController.swift in Sources */,
				9FBF07922144F5F3004AC908 /* CaptureView.swift in Sources */,
				9FD295DE214F0F050044765B /* ScannerViewController.swift in Sources */,
				9FD295CA214F0F050044765B /* RectangleDetector.swift in Sources */,
				9FD295DF214F0F050044765B /* ShutterButton.swift in Sources */,
				9FEE0924214C38C2001EA6EA /* PredictionsListView.swift in Sources */,
				9FD29558214D8ECF0044765B /* UITabBarController.swift in Sources */,
				9FD295D9214F0F050044765B /* Transformable.swift in Sources */,
				9F5A06DE21452CD700ED418D /* QuantizedImage.swift in Sources */,
				9FEE08B5214A27F3001EA6EA /* PredictCoverageViewController.swift in Sources */,
				9FD295C7214F0F050044765B /* Error.swift in Sources */,
				9FD29561214E2C8B0044765B /* PredictCoverageForm.swift in Sources */,
				9FD295C8214F0F050044765B /* Quadrilateral.swift in Sources */,
				9F5A06E22145BEF800ED418D /* SaveFormViewController.swift in Sources */,
				9FD295DB214F0F050044765B /* CaptureSessionManager.swift in Sources */,
				9FEE08B7214A3886001EA6EA /* PredictCoverageView.swift in Sources */,
				9FD295D1214F0F050044765B /* CGPoint+Utils.swift in Sources */,
				9FBF07782144EFDC004AC908 /* AnalyzeViewController.swift in Sources */,
				9FEE08BC214A6D26001EA6EA /* PredictionsListTableViewController.swift in Sources */,
				9F5A06DC2145240500ED418D /* AnalyzeView.swift in Sources */,
				9FEE0920214B3756001EA6EA /* MainColors.swift in Sources */,
				9FD295C9214F0F050044765B /* QuadrilateralView.swift in Sources */,
				9FD29556214CB6E30044765B /* CropActions.swift in Sources */,
				9FD295DD214F0F050044765B /* RectangleFeaturesFunnel.swift in Sources */,
				9FD295D0214F0F050044765B /* CGAffineTransform+Utils.swift in Sources */,
				9F13D2FD21409B1100F44527 /* ImageColorQuantization.swift in Sources */,
				9F5A06D82145101600ED418D /* CropView.swift in Sources */,
				9F5A06E021452CFF00ED418D /* RGBA32.swift in Sources */,
				9FD295DC214F0F050044765B /* CloseButton.swift in Sources */,
				9FEE08B9214A4557001EA6EA /* PredictIntCell.swift in Sources */,
				9FD295DA214F0F050044765B /* ReviewViewController.swift in Sources */,
				9FD295CB214F0F050044765B /* EditScanViewController.swift in Sources */,
				9F13D228213E5A7000F44527 /* AppDelegate.swift in Sources */,
				9FBF0794214500C6004AC908 /* CropViewController.swift in Sources */,
				9F13D2FB214069FF00F44527 /* DominantImageColors.swift in Sources */,
				9FD295D2214F0F050044765B /* CGRect+Utils.swift in Sources */,
				9FD2955A214D9DCC0044765B /* AnalyzeActions.swift in Sources */,
				9FD29564214F003E0044765B /* ImageScannerViewController.swift in Sources */,
				9FD295C6214F0F050044765B /* EditScanCornerView.swift in Sources */,
				9FD295CC214F0F050044765B /* ZoomGestureController.swift in Sources */,
				9FD295CE214F0F050044765B /* Array+Utils.swift in Sources */,
				9FD295D6214F0F050044765B /* ImageScannerController.swift in Sources */,
				9FD29554214C4E480044765B /* MainContainerViewController.swift in Sources */,
			);
			runOnlyForDeploymentPostprocessing = 0;
		};
		9F13D237213E5A7000F44527 /* Sources */ = {
			isa = PBXSourcesBuildPhase;
			buildActionMask = 2147483647;
			files = (
				9F13D240213E5A7000F44527 /* SmartSprayTests.swift in Sources */,
			);
			runOnlyForDeploymentPostprocessing = 0;
		};
		9F13D242213E5A7000F44527 /* Sources */ = {
			isa = PBXSourcesBuildPhase;
			buildActionMask = 2147483647;
			files = (
				9F13D24B213E5A7000F44527 /* SmartSprayUITests.swift in Sources */,
			);
			runOnlyForDeploymentPostprocessing = 0;
		};
/* End PBXSourcesBuildPhase section */

/* Begin PBXTargetDependency section */
		9F13D23D213E5A7000F44527 /* PBXTargetDependency */ = {
			isa = PBXTargetDependency;
			target = 9F13D223213E5A7000F44527 /* SmartSpray */;
			targetProxy = 9F13D23C213E5A7000F44527 /* PBXContainerItemProxy */;
		};
		9F13D248213E5A7000F44527 /* PBXTargetDependency */ = {
			isa = PBXTargetDependency;
			target = 9F13D223213E5A7000F44527 /* SmartSpray */;
			targetProxy = 9F13D247213E5A7000F44527 /* PBXContainerItemProxy */;
		};
/* End PBXTargetDependency section */

/* Begin PBXVariantGroup section */
		9F13D22B213E5A7000F44527 /* Main.storyboard */ = {
			isa = PBXVariantGroup;
			children = (
				9F13D22C213E5A7000F44527 /* Base */,
			);
			name = Main.storyboard;
			sourceTree = "<group>";
		};
		9F13D233213E5A7000F44527 /* LaunchScreen.storyboard */ = {
			isa = PBXVariantGroup;
			children = (
				9F13D234213E5A7000F44527 /* Base */,
			);
			name = LaunchScreen.storyboard;
			sourceTree = "<group>";
		};
		9FD295AD214F0F050044765B /* Localizable.strings */ = {
			isa = PBXVariantGroup;
			children = (
				9FD295AE214F0F050044765B /* en */,
			);
			name = Localizable.strings;
			sourceTree = "<group>";
		};
/* End PBXVariantGroup section */

/* Begin XCBuildConfiguration section */
		9F13D24D213E5A7000F44527 /* Debug */ = {
			isa = XCBuildConfiguration;
			buildSettings = {
				ALWAYS_SEARCH_USER_PATHS = NO;
				CLANG_ANALYZER_NONNULL = YES;
				CLANG_ANALYZER_NUMBER_OBJECT_CONVERSION = YES_AGGRESSIVE;
				CLANG_CXX_LANGUAGE_STANDARD = "gnu++14";
				CLANG_CXX_LIBRARY = "libc++";
				CLANG_ENABLE_MODULES = YES;
				CLANG_ENABLE_OBJC_ARC = YES;
				CLANG_WARN_BLOCK_CAPTURE_AUTORELEASING = YES;
				CLANG_WARN_BOOL_CONVERSION = YES;
				CLANG_WARN_COMMA = YES;
				CLANG_WARN_CONSTANT_CONVERSION = YES;
				CLANG_WARN_DIRECT_OBJC_ISA_USAGE = YES_ERROR;
				CLANG_WARN_DOCUMENTATION_COMMENTS = YES;
				CLANG_WARN_EMPTY_BODY = YES;
				CLANG_WARN_ENUM_CONVERSION = YES;
				CLANG_WARN_INFINITE_RECURSION = YES;
				CLANG_WARN_INT_CONVERSION = YES;
				CLANG_WARN_NON_LITERAL_NULL_CONVERSION = YES;
				CLANG_WARN_OBJC_LITERAL_CONVERSION = YES;
				CLANG_WARN_OBJC_ROOT_CLASS = YES_ERROR;
				CLANG_WARN_RANGE_LOOP_ANALYSIS = YES;
				CLANG_WARN_STRICT_PROTOTYPES = YES;
				CLANG_WARN_SUSPICIOUS_MOVE = YES;
				CLANG_WARN_UNGUARDED_AVAILABILITY = YES_AGGRESSIVE;
				CLANG_WARN_UNREACHABLE_CODE = YES;
				CLANG_WARN__DUPLICATE_METHOD_MATCH = YES;
				CODE_SIGN_IDENTITY = "iPhone Developer";
				COPY_PHASE_STRIP = NO;
				DEBUG_INFORMATION_FORMAT = dwarf;
				ENABLE_STRICT_OBJC_MSGSEND = YES;
				ENABLE_TESTABILITY = YES;
				GCC_C_LANGUAGE_STANDARD = gnu11;
				GCC_DYNAMIC_NO_PIC = NO;
				GCC_NO_COMMON_BLOCKS = YES;
				GCC_OPTIMIZATION_LEVEL = 0;
				GCC_PREPROCESSOR_DEFINITIONS = (
					"DEBUG=1",
					"$(inherited)",
				);
				GCC_WARN_64_TO_32_BIT_CONVERSION = YES;
				GCC_WARN_ABOUT_RETURN_TYPE = YES_ERROR;
				GCC_WARN_UNDECLARED_SELECTOR = YES;
				GCC_WARN_UNINITIALIZED_AUTOS = YES_AGGRESSIVE;
				GCC_WARN_UNUSED_FUNCTION = YES;
				GCC_WARN_UNUSED_VARIABLE = YES;
				IPHONEOS_DEPLOYMENT_TARGET = 11.2;
				MTL_ENABLE_DEBUG_INFO = YES;
				ONLY_ACTIVE_ARCH = YES;
				SDKROOT = iphoneos;
				SWIFT_ACTIVE_COMPILATION_CONDITIONS = DEBUG;
				SWIFT_OPTIMIZATION_LEVEL = "-Onone";
			};
			name = Debug;
		};
		9F13D24E213E5A7000F44527 /* Release */ = {
			isa = XCBuildConfiguration;
			buildSettings = {
				ALWAYS_SEARCH_USER_PATHS = NO;
				CLANG_ANALYZER_NONNULL = YES;
				CLANG_ANALYZER_NUMBER_OBJECT_CONVERSION = YES_AGGRESSIVE;
				CLANG_CXX_LANGUAGE_STANDARD = "gnu++14";
				CLANG_CXX_LIBRARY = "libc++";
				CLANG_ENABLE_MODULES = YES;
				CLANG_ENABLE_OBJC_ARC = YES;
				CLANG_WARN_BLOCK_CAPTURE_AUTORELEASING = YES;
				CLANG_WARN_BOOL_CONVERSION = YES;
				CLANG_WARN_COMMA = YES;
				CLANG_WARN_CONSTANT_CONVERSION = YES;
				CLANG_WARN_DIRECT_OBJC_ISA_USAGE = YES_ERROR;
				CLANG_WARN_DOCUMENTATION_COMMENTS = YES;
				CLANG_WARN_EMPTY_BODY = YES;
				CLANG_WARN_ENUM_CONVERSION = YES;
				CLANG_WARN_INFINITE_RECURSION = YES;
				CLANG_WARN_INT_CONVERSION = YES;
				CLANG_WARN_NON_LITERAL_NULL_CONVERSION = YES;
				CLANG_WARN_OBJC_LITERAL_CONVERSION = YES;
				CLANG_WARN_OBJC_ROOT_CLASS = YES_ERROR;
				CLANG_WARN_RANGE_LOOP_ANALYSIS = YES;
				CLANG_WARN_STRICT_PROTOTYPES = YES;
				CLANG_WARN_SUSPICIOUS_MOVE = YES;
				CLANG_WARN_UNGUARDED_AVAILABILITY = YES_AGGRESSIVE;
				CLANG_WARN_UNREACHABLE_CODE = YES;
				CLANG_WARN__DUPLICATE_METHOD_MATCH = YES;
				CODE_SIGN_IDENTITY = "iPhone Developer";
				COPY_PHASE_STRIP = NO;
				DEBUG_INFORMATION_FORMAT = "dwarf-with-dsym";
				ENABLE_NS_ASSERTIONS = NO;
				ENABLE_STRICT_OBJC_MSGSEND = YES;
				GCC_C_LANGUAGE_STANDARD = gnu11;
				GCC_NO_COMMON_BLOCKS = YES;
				GCC_WARN_64_TO_32_BIT_CONVERSION = YES;
				GCC_WARN_ABOUT_RETURN_TYPE = YES_ERROR;
				GCC_WARN_UNDECLARED_SELECTOR = YES;
				GCC_WARN_UNINITIALIZED_AUTOS = YES_AGGRESSIVE;
				GCC_WARN_UNUSED_FUNCTION = YES;
				GCC_WARN_UNUSED_VARIABLE = YES;
				IPHONEOS_DEPLOYMENT_TARGET = 11.2;
				MTL_ENABLE_DEBUG_INFO = NO;
				SDKROOT = iphoneos;
				SWIFT_OPTIMIZATION_LEVEL = "-Owholemodule";
				VALIDATE_PRODUCT = YES;
			};
			name = Release;
		};
		9F13D250213E5A7000F44527 /* Debug */ = {
			isa = XCBuildConfiguration;
			baseConfigurationReference = BDA190A4CC7C83904B0FED9A /* Pods-SmartSpray.debug.xcconfig */;
			buildSettings = {
				ASSETCATALOG_COMPILER_APPICON_NAME = AppIcon;
				CODE_SIGN_STYLE = Automatic;
				DEVELOPMENT_TEAM = BX4CBW4TS6;
				INFOPLIST_FILE = SmartSpray/Info.plist;
				LD_RUNPATH_SEARCH_PATHS = "$(inherited) @executable_path/Frameworks";
				LIBRARY_SEARCH_PATHS = (
					"$(inherited)",
					"$(PROJECT_DIR)/SnapCard/iOSMagick-6.8.8-9",
				);
				PRODUCT_BUNDLE_IDENTIFIER = "com.SkylerBala.Money-Reader";
				PRODUCT_NAME = "$(TARGET_NAME)";
				SWIFT_VERSION = 4.0;
				TARGETED_DEVICE_FAMILY = "1,2";
			};
			name = Debug;
		};
		9F13D251213E5A7000F44527 /* Release */ = {
			isa = XCBuildConfiguration;
			baseConfigurationReference = 787C23066519ADF7604F7062 /* Pods-SmartSpray.release.xcconfig */;
			buildSettings = {
				ASSETCATALOG_COMPILER_APPICON_NAME = AppIcon;
				CODE_SIGN_STYLE = Automatic;
				DEVELOPMENT_TEAM = BX4CBW4TS6;
				INFOPLIST_FILE = SmartSpray/Info.plist;
				LD_RUNPATH_SEARCH_PATHS = "$(inherited) @executable_path/Frameworks";
				LIBRARY_SEARCH_PATHS = (
					"$(inherited)",
					"$(PROJECT_DIR)/SnapCard/iOSMagick-6.8.8-9",
				);
				PRODUCT_BUNDLE_IDENTIFIER = "com.SkylerBala.Money-Reader";
				PRODUCT_NAME = "$(TARGET_NAME)";
				SWIFT_VERSION = 4.0;
				TARGETED_DEVICE_FAMILY = "1,2";
			};
			name = Release;
		};
		9F13D253213E5A7000F44527 /* Debug */ = {
			isa = XCBuildConfiguration;
			baseConfigurationReference = 22FEE041F1CFEA08321703C0 /* Pods-SmartSprayTests.debug.xcconfig */;
			buildSettings = {
				ALWAYS_EMBED_SWIFT_STANDARD_LIBRARIES = YES;
				BUNDLE_LOADER = "$(TEST_HOST)";
				CODE_SIGN_STYLE = Automatic;
				DEVELOPMENT_TEAM = BX4CBW4TS6;
				INFOPLIST_FILE = SmartSpray/Info.plist;
				LD_RUNPATH_SEARCH_PATHS = "$(inherited) @executable_path/Frameworks @loader_path/Frameworks";
				PRODUCT_BUNDLE_IDENTIFIER = com.SkylerBala.SmartSpray;
				PRODUCT_NAME = "$(TARGET_NAME)";
				SWIFT_VERSION = 4.0;
				TARGETED_DEVICE_FAMILY = "1,2";
				TEST_HOST = "$(BUILT_PRODUCTS_DIR)/ImageColorQuantization.app/ImageColorQuantization";
			};
			name = Debug;
		};
		9F13D254213E5A7000F44527 /* Release */ = {
			isa = XCBuildConfiguration;
			baseConfigurationReference = 2EC1F8647229285E419D71B0 /* Pods-SmartSprayTests.release.xcconfig */;
			buildSettings = {
				ALWAYS_EMBED_SWIFT_STANDARD_LIBRARIES = YES;
				BUNDLE_LOADER = "$(TEST_HOST)";
				CODE_SIGN_STYLE = Automatic;
				DEVELOPMENT_TEAM = BX4CBW4TS6;
				INFOPLIST_FILE = SmartSpray/Info.plist;
				LD_RUNPATH_SEARCH_PATHS = "$(inherited) @executable_path/Frameworks @loader_path/Frameworks";
				PRODUCT_BUNDLE_IDENTIFIER = com.SkylerBala.SmartSpray;
				PRODUCT_NAME = "$(TARGET_NAME)";
				SWIFT_VERSION = 4.0;
				TARGETED_DEVICE_FAMILY = "1,2";
				TEST_HOST = "$(BUILT_PRODUCTS_DIR)/ImageColorQuantization.app/ImageColorQuantization";
			};
			name = Release;
		};
		9F13D256213E5A7000F44527 /* Debug */ = {
			isa = XCBuildConfiguration;
			baseConfigurationReference = EC9917E639705C9192D7DF61 /* Pods-SmartSprayUITests.debug.xcconfig */;
			buildSettings = {
				ALWAYS_EMBED_SWIFT_STANDARD_LIBRARIES = YES;
				CODE_SIGN_STYLE = Automatic;
				DEVELOPMENT_TEAM = BX4CBW4TS6;
				INFOPLIST_FILE = ImageColorQuantizationTests/Info.plist;
				LD_RUNPATH_SEARCH_PATHS = "$(inherited) @executable_path/Frameworks @loader_path/Frameworks";
				PRODUCT_BUNDLE_IDENTIFIER = com.SkylerBala.ImageColorQuantizationUITests;
				PRODUCT_NAME = "$(TARGET_NAME)";
				SWIFT_VERSION = 4.0;
				TARGETED_DEVICE_FAMILY = "1,2";
				TEST_TARGET_NAME = ImageColorQuantization;
			};
			name = Debug;
		};
		9F13D257213E5A7000F44527 /* Release */ = {
			isa = XCBuildConfiguration;
			baseConfigurationReference = 21DC390164A984DC5D30368C /* Pods-SmartSprayUITests.release.xcconfig */;
			buildSettings = {
				ALWAYS_EMBED_SWIFT_STANDARD_LIBRARIES = YES;
				CODE_SIGN_STYLE = Automatic;
				DEVELOPMENT_TEAM = BX4CBW4TS6;
				INFOPLIST_FILE = ImageColorQuantizationTests/Info.plist;
				LD_RUNPATH_SEARCH_PATHS = "$(inherited) @executable_path/Frameworks @loader_path/Frameworks";
				PRODUCT_BUNDLE_IDENTIFIER = com.SkylerBala.ImageColorQuantizationUITests;
				PRODUCT_NAME = "$(TARGET_NAME)";
				SWIFT_VERSION = 4.0;
				TARGETED_DEVICE_FAMILY = "1,2";
				TEST_TARGET_NAME = ImageColorQuantization;
			};
			name = Release;
		};
/* End XCBuildConfiguration section */

/* Begin XCConfigurationList section */
		9F13D21F213E5A7000F44527 /* Build configuration list for PBXProject "SmartSpray" */ = {
			isa = XCConfigurationList;
			buildConfigurations = (
				9F13D24D213E5A7000F44527 /* Debug */,
				9F13D24E213E5A7000F44527 /* Release */,
			);
			defaultConfigurationIsVisible = 0;
			defaultConfigurationName = Release;
		};
		9F13D24F213E5A7000F44527 /* Build configuration list for PBXNativeTarget "SmartSpray" */ = {
			isa = XCConfigurationList;
			buildConfigurations = (
				9F13D250213E5A7000F44527 /* Debug */,
				9F13D251213E5A7000F44527 /* Release */,
			);
			defaultConfigurationIsVisible = 0;
			defaultConfigurationName = Release;
		};
		9F13D252213E5A7000F44527 /* Build configuration list for PBXNativeTarget "SmartSprayTests" */ = {
			isa = XCConfigurationList;
			buildConfigurations = (
				9F13D253213E5A7000F44527 /* Debug */,
				9F13D254213E5A7000F44527 /* Release */,
			);
			defaultConfigurationIsVisible = 0;
			defaultConfigurationName = Release;
		};
		9F13D255213E5A7000F44527 /* Build configuration list for PBXNativeTarget "SmartSprayUITests" */ = {
			isa = XCConfigurationList;
			buildConfigurations = (
				9F13D256213E5A7000F44527 /* Debug */,
				9F13D257213E5A7000F44527 /* Release */,
			);
			defaultConfigurationIsVisible = 0;
			defaultConfigurationName = Release;
		};
/* End XCConfigurationList section */

/* Begin XCVersionGroup section */
		9F13D22E213E5A7000F44527 /* ImageColorQuantization.xcdatamodeld */ = {
			isa = XCVersionGroup;
			children = (
				9F13D22F213E5A7000F44527 /* SnapCard.xcdatamodel */,
			);
			currentVersion = 9F13D22F213E5A7000F44527 /* SnapCard.xcdatamodel */;
			path = ImageColorQuantization.xcdatamodeld;
			sourceTree = "<group>";
			versionGroupType = wrapper.xcdatamodel;
		};
/* End XCVersionGroup section */
	};
	rootObject = 9F13D21C213E5A7000F44527 /* Project object */;
}
